// !$*UTF8*$!
{
	archiveVersion = 1;
	classes = {
	};
	objectVersion = 50;
	objects = {

/* Begin PBXBuildFile section */
		5C150BB425D40B14003FCF02 /* WebContainerVC.swift in Sources */ = {isa = PBXBuildFile; fileRef = 5C150BB325D40B14003FCF02 /* WebContainerVC.swift */; };
		5C2C8D8B25D1C0490030D13A /* AppDelegate.swift in Sources */ = {isa = PBXBuildFile; fileRef = 5C2C8D8A25D1C0490030D13A /* AppDelegate.swift */; };
		5C2C8D8D25D1C0490030D13A /* SceneDelegate.swift in Sources */ = {isa = PBXBuildFile; fileRef = 5C2C8D8C25D1C0490030D13A /* SceneDelegate.swift */; };
		5C2C8D9225D1C0490030D13A /* Main.storyboard in Resources */ = {isa = PBXBuildFile; fileRef = 5C2C8D9025D1C0490030D13A /* Main.storyboard */; };
		5C2C8D9425D1C04A0030D13A /* Assets.xcassets in Resources */ = {isa = PBXBuildFile; fileRef = 5C2C8D9325D1C04A0030D13A /* Assets.xcassets */; };
		5C2C8D9725D1C04A0030D13A /* LaunchScreen.storyboard in Resources */ = {isa = PBXBuildFile; fileRef = 5C2C8D9525D1C04A0030D13A /* LaunchScreen.storyboard */; };
		5C2C8DA225D1C04A0030D13A /* BonprixChallengeTests.swift in Sources */ = {isa = PBXBuildFile; fileRef = 5C2C8DA125D1C04A0030D13A /* BonprixChallengeTests.swift */; };
		5C2C8DAD25D1C04A0030D13A /* BonprixChallengeUITests.swift in Sources */ = {isa = PBXBuildFile; fileRef = 5C2C8DAC25D1C04A0030D13A /* BonprixChallengeUITests.swift */; };
		5C2C8DBE25D1C0640030D13A /* AssortmentService.swift in Sources */ = {isa = PBXBuildFile; fileRef = 5C2C8DBD25D1C0640030D13A /* AssortmentService.swift */; };
		5C2C8DC325D1C0AD0030D13A /* AssortmentModel.swift in Sources */ = {isa = PBXBuildFile; fileRef = 5C2C8DC225D1C0AD0030D13A /* AssortmentModel.swift */; };
		5C2C8DD625D1E66E0030D13A /* NavigationVC.swift in Sources */ = {isa = PBXBuildFile; fileRef = 5C2C8DD525D1E66E0030D13A /* NavigationVC.swift */; };
		5C2C8DE625D1E6860030D13A /* AssortsmentTableVC.swift in Sources */ = {isa = PBXBuildFile; fileRef = 5C2C8DE525D1E6860030D13A /* AssortsmentTableVC.swift */; };
		5C2C8DF025D1E6AB0030D13A /* AssortsmentTableViewDataSource.swift in Sources */ = {isa = PBXBuildFile; fileRef = 5C2C8DEF25D1E6AB0030D13A /* AssortsmentTableViewDataSource.swift */; };
		5C2C8DF825D1E8E30030D13A /* AssortmentCell.swift in Sources */ = {isa = PBXBuildFile; fileRef = 5C2C8DF725D1E8E30030D13A /* AssortmentCell.swift */; };
		5C2C8E0625D1EBF00030D13A /* UIView+Constraints.swift in Sources */ = {isa = PBXBuildFile; fileRef = 5C2C8E0525D1EBF00030D13A /* UIView+Constraints.swift */; };
		5C2C8E0E25D1EC640030D13A /* TabVC.swift in Sources */ = {isa = PBXBuildFile; fileRef = 5C2C8E0D25D1EC640030D13A /* TabVC.swift */; };
		5CD9CD9A25D28BA6005D8131 /* test.json in Resources */ = {isa = PBXBuildFile; fileRef = 5CD9CD9925D28BA6005D8131 /* test.json */; };
/* End PBXBuildFile section */

/* Begin PBXContainerItemProxy section */
		5C2C8D9E25D1C04A0030D13A /* PBXContainerItemProxy */ = {
			isa = PBXContainerItemProxy;
			containerPortal = 5C2C8D7F25D1C0490030D13A /* Project object */;
			proxyType = 1;
			remoteGlobalIDString = 5C2C8D8625D1C0490030D13A;
			remoteInfo = BonprixChallenge;
		};
		5C2C8DA925D1C04A0030D13A /* PBXContainerItemProxy */ = {
			isa = PBXContainerItemProxy;
			containerPortal = 5C2C8D7F25D1C0490030D13A /* Project object */;
			proxyType = 1;
			remoteGlobalIDString = 5C2C8D8625D1C0490030D13A;
			remoteInfo = BonprixChallenge;
		};
/* End PBXContainerItemProxy section */

/* Begin PBXFileReference section */
		5C150BB325D40B14003FCF02 /* WebContainerVC.swift */ = {isa = PBXFileReference; lastKnownFileType = sourcecode.swift; path = WebContainerVC.swift; sourceTree = "<group>"; };
		5C2C8D8725D1C0490030D13A /* BonprixChallenge.app */ = {isa = PBXFileReference; explicitFileType = wrapper.application; includeInIndex = 0; path = BonprixChallenge.app; sourceTree = BUILT_PRODUCTS_DIR; };
		5C2C8D8A25D1C0490030D13A /* AppDelegate.swift */ = {isa = PBXFileReference; lastKnownFileType = sourcecode.swift; path = AppDelegate.swift; sourceTree = "<group>"; };
		5C2C8D8C25D1C0490030D13A /* SceneDelegate.swift */ = {isa = PBXFileReference; lastKnownFileType = sourcecode.swift; path = SceneDelegate.swift; sourceTree = "<group>"; };
		5C2C8D9125D1C0490030D13A /* Base */ = {isa = PBXFileReference; lastKnownFileType = file.storyboard; name = Base; path = Base.lproj/Main.storyboard; sourceTree = "<group>"; };
		5C2C8D9325D1C04A0030D13A /* Assets.xcassets */ = {isa = PBXFileReference; lastKnownFileType = folder.assetcatalog; path = Assets.xcassets; sourceTree = "<group>"; };
		5C2C8D9625D1C04A0030D13A /* Base */ = {isa = PBXFileReference; lastKnownFileType = file.storyboard; name = Base; path = Base.lproj/LaunchScreen.storyboard; sourceTree = "<group>"; };
		5C2C8D9825D1C04A0030D13A /* Info.plist */ = {isa = PBXFileReference; lastKnownFileType = text.plist.xml; path = Info.plist; sourceTree = "<group>"; };
		5C2C8D9D25D1C04A0030D13A /* BonprixChallengeTests.xctest */ = {isa = PBXFileReference; explicitFileType = wrapper.cfbundle; includeInIndex = 0; path = BonprixChallengeTests.xctest; sourceTree = BUILT_PRODUCTS_DIR; };
		5C2C8DA125D1C04A0030D13A /* BonprixChallengeTests.swift */ = {isa = PBXFileReference; lastKnownFileType = sourcecode.swift; path = BonprixChallengeTests.swift; sourceTree = "<group>"; };
		5C2C8DA325D1C04A0030D13A /* Info.plist */ = {isa = PBXFileReference; lastKnownFileType = text.plist.xml; path = Info.plist; sourceTree = "<group>"; };
		5C2C8DA825D1C04A0030D13A /* BonprixChallengeUITests.xctest */ = {isa = PBXFileReference; explicitFileType = wrapper.cfbundle; includeInIndex = 0; path = BonprixChallengeUITests.xctest; sourceTree = BUILT_PRODUCTS_DIR; };
		5C2C8DAC25D1C04A0030D13A /* BonprixChallengeUITests.swift */ = {isa = PBXFileReference; lastKnownFileType = sourcecode.swift; path = BonprixChallengeUITests.swift; sourceTree = "<group>"; };
		5C2C8DAE25D1C04A0030D13A /* Info.plist */ = {isa = PBXFileReference; lastKnownFileType = text.plist.xml; path = Info.plist; sourceTree = "<group>"; };
		5C2C8DBD25D1C0640030D13A /* AssortmentService.swift */ = {isa = PBXFileReference; lastKnownFileType = sourcecode.swift; path = AssortmentService.swift; sourceTree = "<group>"; };
		5C2C8DC225D1C0AD0030D13A /* AssortmentModel.swift */ = {isa = PBXFileReference; lastKnownFileType = sourcecode.swift; path = AssortmentModel.swift; sourceTree = "<group>"; };
		5C2C8DD525D1E66E0030D13A /* NavigationVC.swift */ = {isa = PBXFileReference; lastKnownFileType = sourcecode.swift; path = NavigationVC.swift; sourceTree = "<group>"; };
		5C2C8DE525D1E6860030D13A /* AssortsmentTableVC.swift */ = {isa = PBXFileReference; lastKnownFileType = sourcecode.swift; path = AssortsmentTableVC.swift; sourceTree = "<group>"; };
		5C2C8DEF25D1E6AB0030D13A /* AssortsmentTableViewDataSource.swift */ = {isa = PBXFileReference; lastKnownFileType = sourcecode.swift; path = AssortsmentTableViewDataSource.swift; sourceTree = "<group>"; };
		5C2C8DF725D1E8E30030D13A /* AssortmentCell.swift */ = {isa = PBXFileReference; lastKnownFileType = sourcecode.swift; path = AssortmentCell.swift; sourceTree = "<group>"; };
		5C2C8E0525D1EBF00030D13A /* UIView+Constraints.swift */ = {isa = PBXFileReference; lastKnownFileType = sourcecode.swift; path = "UIView+Constraints.swift"; sourceTree = "<group>"; };
		5C2C8E0D25D1EC640030D13A /* TabVC.swift */ = {isa = PBXFileReference; lastKnownFileType = sourcecode.swift; path = TabVC.swift; sourceTree = "<group>"; };
		5CD9CD9925D28BA6005D8131 /* test.json */ = {isa = PBXFileReference; fileEncoding = 4; lastKnownFileType = text.json; path = test.json; sourceTree = "<group>"; };
/* End PBXFileReference section */

/* Begin PBXFrameworksBuildPhase section */
		5C2C8D8425D1C0490030D13A /* Frameworks */ = {
			isa = PBXFrameworksBuildPhase;
			buildActionMask = 2147483647;
			files = (
			);
			runOnlyForDeploymentPostprocessing = 0;
		};
		5C2C8D9A25D1C04A0030D13A /* Frameworks */ = {
			isa = PBXFrameworksBuildPhase;
			buildActionMask = 2147483647;
			files = (
			);
			runOnlyForDeploymentPostprocessing = 0;
		};
		5C2C8DA525D1C04A0030D13A /* Frameworks */ = {
			isa = PBXFrameworksBuildPhase;
			buildActionMask = 2147483647;
			files = (
			);
			runOnlyForDeploymentPostprocessing = 0;
		};
/* End PBXFrameworksBuildPhase section */

/* Begin PBXGroup section */
		5C2C8D7E25D1C0490030D13A = {
			isa = PBXGroup;
			children = (
				5C2C8D8925D1C0490030D13A /* BonprixChallenge */,
				5C2C8DA025D1C04A0030D13A /* BonprixChallengeTests */,
				5C2C8DAB25D1C04A0030D13A /* BonprixChallengeUITests */,
				5C2C8D8825D1C0490030D13A /* Products */,
			);
			sourceTree = "<group>";
		};
		5C2C8D8825D1C0490030D13A /* Products */ = {
			isa = PBXGroup;
			children = (
				5C2C8D8725D1C0490030D13A /* BonprixChallenge.app */,
				5C2C8D9D25D1C04A0030D13A /* BonprixChallengeTests.xctest */,
				5C2C8DA825D1C04A0030D13A /* BonprixChallengeUITests.xctest */,
			);
			name = Products;
			sourceTree = "<group>";
		};
		5C2C8D8925D1C0490030D13A /* BonprixChallenge */ = {
			isa = PBXGroup;
			children = (
				5C2C8D8A25D1C0490030D13A /* AppDelegate.swift */,
				5C2C8D8C25D1C0490030D13A /* SceneDelegate.swift */,
				5C2C8DD425D1E6630030D13A /* Navigation */,
				5C2C8DCC25D1C1900030D13A /* Assortments */,
				5C2C8E0425D1EBE60030D13A /* Extensions */,
				5C2C8D9025D1C0490030D13A /* Main.storyboard */,
				5C2C8D9325D1C04A0030D13A /* Assets.xcassets */,
				5C2C8D9525D1C04A0030D13A /* LaunchScreen.storyboard */,
				5C2C8D9825D1C04A0030D13A /* Info.plist */,
			);
			path = BonprixChallenge;
			sourceTree = "<group>";
		};
		5C2C8DA025D1C04A0030D13A /* BonprixChallengeTests */ = {
			isa = PBXGroup;
			children = (
				5C2C8DA125D1C04A0030D13A /* BonprixChallengeTests.swift */,
				5CD9CD9925D28BA6005D8131 /* test.json */,
				5C2C8DA325D1C04A0030D13A /* Info.plist */,
			);
			path = BonprixChallengeTests;
			sourceTree = "<group>";
		};
		5C2C8DAB25D1C04A0030D13A /* BonprixChallengeUITests */ = {
			isa = PBXGroup;
			children = (
				5C2C8DAC25D1C04A0030D13A /* BonprixChallengeUITests.swift */,
				5C2C8DAE25D1C04A0030D13A /* Info.plist */,
			);
			path = BonprixChallengeUITests;
			sourceTree = "<group>";
		};
		5C2C8DCC25D1C1900030D13A /* Assortments */ = {
			isa = PBXGroup;
			children = (
				5C2C8DBD25D1C0640030D13A /* AssortmentService.swift */,
				5C7EE86225D963AF002B3E5E /* Web */,
				5C2C8DED25D1E68B0030D13A /* Table */,
				5C2C8DD325D1E6590030D13A /* Models */,
			);
			path = Assortments;
			sourceTree = "<group>";
		};
		5C2C8DD325D1E6590030D13A /* Models */ = {
			isa = PBXGroup;
			children = (
				5C2C8DC225D1C0AD0030D13A /* AssortmentModel.swift */,
			);
			path = Models;
			sourceTree = "<group>";
		};
		5C2C8DD425D1E6630030D13A /* Navigation */ = {
			isa = PBXGroup;
			children = (
				5C2C8E0D25D1EC640030D13A /* TabVC.swift */,
				5C2C8DD525D1E66E0030D13A /* NavigationVC.swift */,
			);
			path = Navigation;
			sourceTree = "<group>";
		};
		5C2C8DED25D1E68B0030D13A /* Table */ = {
			isa = PBXGroup;
			children = (
				5C2C8DE525D1E6860030D13A /* AssortsmentTableVC.swift */,
				5C2C8DEF25D1E6AB0030D13A /* AssortsmentTableViewDataSource.swift */,
				5C2C8DF725D1E8E30030D13A /* AssortmentCell.swift */,
			);
			path = Table;
			sourceTree = "<group>";
		};
		5C2C8E0425D1EBE60030D13A /* Extensions */ = {
			isa = PBXGroup;
			children = (
				5C2C8E0525D1EBF00030D13A /* UIView+Constraints.swift */,
			);
			path = Extensions;
			sourceTree = "<group>";
		};
		5C7EE86225D963AF002B3E5E /* Web */ = {
			isa = PBXGroup;
			children = (
				5C150BB325D40B14003FCF02 /* WebContainerVC.swift */,
			);
			path = Web;
			sourceTree = "<group>";
		};
/* End PBXGroup section */

/* Begin PBXNativeTarget section */
		5C2C8D8625D1C0490030D13A /* BonprixChallenge */ = {
			isa = PBXNativeTarget;
			buildConfigurationList = 5C2C8DB125D1C04A0030D13A /* Build configuration list for PBXNativeTarget "BonprixChallenge" */;
			buildPhases = (
				5C2C8D8325D1C0490030D13A /* Sources */,
				5C2C8D8425D1C0490030D13A /* Frameworks */,
				5C2C8D8525D1C0490030D13A /* Resources */,
			);
			buildRules = (
			);
			dependencies = (
			);
			name = BonprixChallenge;
			productName = BonprixChallenge;
			productReference = 5C2C8D8725D1C0490030D13A /* BonprixChallenge.app */;
			productType = "com.apple.product-type.application";
		};
		5C2C8D9C25D1C04A0030D13A /* BonprixChallengeTests */ = {
			isa = PBXNativeTarget;
			buildConfigurationList = 5C2C8DB425D1C04A0030D13A /* Build configuration list for PBXNativeTarget "BonprixChallengeTests" */;
			buildPhases = (
				5C2C8D9925D1C04A0030D13A /* Sources */,
				5C2C8D9A25D1C04A0030D13A /* Frameworks */,
				5C2C8D9B25D1C04A0030D13A /* Resources */,
			);
			buildRules = (
			);
			dependencies = (
				5C2C8D9F25D1C04A0030D13A /* PBXTargetDependency */,
			);
			name = BonprixChallengeTests;
			productName = BonprixChallengeTests;
			productReference = 5C2C8D9D25D1C04A0030D13A /* BonprixChallengeTests.xctest */;
			productType = "com.apple.product-type.bundle.unit-test";
		};
		5C2C8DA725D1C04A0030D13A /* BonprixChallengeUITests */ = {
			isa = PBXNativeTarget;
			buildConfigurationList = 5C2C8DB725D1C04A0030D13A /* Build configuration list for PBXNativeTarget "BonprixChallengeUITests" */;
			buildPhases = (
				5C2C8DA425D1C04A0030D13A /* Sources */,
				5C2C8DA525D1C04A0030D13A /* Frameworks */,
				5C2C8DA625D1C04A0030D13A /* Resources */,
			);
			buildRules = (
			);
			dependencies = (
				5C2C8DAA25D1C04A0030D13A /* PBXTargetDependency */,
			);
			name = BonprixChallengeUITests;
			productName = BonprixChallengeUITests;
			productReference = 5C2C8DA825D1C04A0030D13A /* BonprixChallengeUITests.xctest */;
			productType = "com.apple.product-type.bundle.ui-testing";
		};
/* End PBXNativeTarget section */

/* Begin PBXProject section */
		5C2C8D7F25D1C0490030D13A /* Project object */ = {
			isa = PBXProject;
			attributes = {
				LastSwiftUpdateCheck = 1240;
				LastUpgradeCheck = 1240;
				TargetAttributes = {
					5C2C8D8625D1C0490030D13A = {
						CreatedOnToolsVersion = 12.4;
					};
					5C2C8D9C25D1C04A0030D13A = {
						CreatedOnToolsVersion = 12.4;
						TestTargetID = 5C2C8D8625D1C0490030D13A;
					};
					5C2C8DA725D1C04A0030D13A = {
						CreatedOnToolsVersion = 12.4;
						TestTargetID = 5C2C8D8625D1C0490030D13A;
					};
				};
			};
			buildConfigurationList = 5C2C8D8225D1C0490030D13A /* Build configuration list for PBXProject "BonprixChallenge" */;
			compatibilityVersion = "Xcode 9.3";
			developmentRegion = en;
			hasScannedForEncodings = 0;
			knownRegions = (
				en,
				Base,
			);
			mainGroup = 5C2C8D7E25D1C0490030D13A;
			productRefGroup = 5C2C8D8825D1C0490030D13A /* Products */;
			projectDirPath = "";
			projectRoot = "";
			targets = (
				5C2C8D8625D1C0490030D13A /* BonprixChallenge */,
				5C2C8D9C25D1C04A0030D13A /* BonprixChallengeTests */,
				5C2C8DA725D1C04A0030D13A /* BonprixChallengeUITests */,
			);
		};
/* End PBXProject section */

/* Begin PBXResourcesBuildPhase section */
		5C2C8D8525D1C0490030D13A /* Resources */ = {
			isa = PBXResourcesBuildPhase;
			buildActionMask = 2147483647;
			files = (
				5C2C8D9725D1C04A0030D13A /* LaunchScreen.storyboard in Resources */,
				5C2C8D9425D1C04A0030D13A /* Assets.xcassets in Resources */,
				5C2C8D9225D1C0490030D13A /* Main.storyboard in Resources */,
			);
			runOnlyForDeploymentPostprocessing = 0;
		};
		5C2C8D9B25D1C04A0030D13A /* Resources */ = {
			isa = PBXResourcesBuildPhase;
			buildActionMask = 2147483647;
			files = (
				5CD9CD9A25D28BA6005D8131 /* test.json in Resources */,
			);
			runOnlyForDeploymentPostprocessing = 0;
		};
		5C2C8DA625D1C04A0030D13A /* Resources */ = {
			isa = PBXResourcesBuildPhase;
			buildActionMask = 2147483647;
			files = (
			);
			runOnlyForDeploymentPostprocessing = 0;
		};
/* End PBXResourcesBuildPhase section */

/* Begin PBXSourcesBuildPhase section */
		5C2C8D8325D1C0490030D13A /* Sources */ = {
			isa = PBXSourcesBuildPhase;
			buildActionMask = 2147483647;
			files = (
				5C2C8DC325D1C0AD0030D13A /* AssortmentModel.swift in Sources */,
				5C2C8E0E25D1EC640030D13A /* TabVC.swift in Sources */,
				5C2C8D8B25D1C0490030D13A /* AppDelegate.swift in Sources */,
				5C2C8D8D25D1C0490030D13A /* SceneDelegate.swift in Sources */,
				5C2C8DBE25D1C0640030D13A /* AssortmentService.swift in Sources */,
				5C2C8DF825D1E8E30030D13A /* AssortmentCell.swift in Sources */,
				5C2C8DD625D1E66E0030D13A /* NavigationVC.swift in Sources */,
				5C2C8DF025D1E6AB0030D13A /* AssortsmentTableViewDataSource.swift in Sources */,
				5C150BB425D40B14003FCF02 /* WebContainerVC.swift in Sources */,
				5C2C8E0625D1EBF00030D13A /* UIView+Constraints.swift in Sources */,
				5C2C8DE625D1E6860030D13A /* AssortsmentTableVC.swift in Sources */,
			);
			runOnlyForDeploymentPostprocessing = 0;
		};
		5C2C8D9925D1C04A0030D13A /* Sources */ = {
			isa = PBXSourcesBuildPhase;
			buildActionMask = 2147483647;
			files = (
				5C2C8DA225D1C04A0030D13A /* BonprixChallengeTests.swift in Sources */,
			);
			runOnlyForDeploymentPostprocessing = 0;
		};
		5C2C8DA425D1C04A0030D13A /* Sources */ = {
			isa = PBXSourcesBuildPhase;
			buildActionMask = 2147483647;
			files = (
				5C2C8DAD25D1C04A0030D13A /* BonprixChallengeUITests.swift in Sources */,
			);
			runOnlyForDeploymentPostprocessing = 0;
		};
/* End PBXSourcesBuildPhase section */

/* Begin PBXTargetDependency section */
		5C2C8D9F25D1C04A0030D13A /* PBXTargetDependency */ = {
			isa = PBXTargetDependency;
			target = 5C2C8D8625D1C0490030D13A /* BonprixChallenge */;
			targetProxy = 5C2C8D9E25D1C04A0030D13A /* PBXContainerItemProxy */;
		};
		5C2C8DAA25D1C04A0030D13A /* PBXTargetDependency */ = {
			isa = PBXTargetDependency;
			target = 5C2C8D8625D1C0490030D13A /* BonprixChallenge */;
			targetProxy = 5C2C8DA925D1C04A0030D13A /* PBXContainerItemProxy */;
		};
/* End PBXTargetDependency section */

/* Begin PBXVariantGroup section */
		5C2C8D9025D1C0490030D13A /* Main.storyboard */ = {
			isa = PBXVariantGroup;
			children = (
				5C2C8D9125D1C0490030D13A /* Base */,
			);
			name = Main.storyboard;
			sourceTree = "<group>";
		};
		5C2C8D9525D1C04A0030D13A /* LaunchScreen.storyboard */ = {
			isa = PBXVariantGroup;
			children = (
				5C2C8D9625D1C04A0030D13A /* Base */,
			);
			name = LaunchScreen.storyboard;
			sourceTree = "<group>";
		};
/* End PBXVariantGroup section */

/* Begin XCBuildConfiguration section */
		5C2C8DAF25D1C04A0030D13A /* Debug */ = {
			isa = XCBuildConfiguration;
			buildSettings = {
				ALWAYS_SEARCH_USER_PATHS = NO;
				CLANG_ANALYZER_NONNULL = YES;
				CLANG_ANALYZER_NUMBER_OBJECT_CONVERSION = YES_AGGRESSIVE;
				CLANG_CXX_LANGUAGE_STANDARD = "gnu++14";
				CLANG_CXX_LIBRARY = "libc++";
				CLANG_ENABLE_MODULES = YES;
				CLANG_ENABLE_OBJC_ARC = YES;
				CLANG_ENABLE_OBJC_WEAK = YES;
				CLANG_WARN_BLOCK_CAPTURE_AUTORELEASING = YES;
				CLANG_WARN_BOOL_CONVERSION = YES;
				CLANG_WARN_COMMA = YES;
				CLANG_WARN_CONSTANT_CONVERSION = YES;
				CLANG_WARN_DEPRECATED_OBJC_IMPLEMENTATIONS = YES;
				CLANG_WARN_DIRECT_OBJC_ISA_USAGE = YES_ERROR;
				CLANG_WARN_DOCUMENTATION_COMMENTS = YES;
				CLANG_WARN_EMPTY_BODY = YES;
				CLANG_WARN_ENUM_CONVERSION = YES;
				CLANG_WARN_INFINITE_RECURSION = YES;
				CLANG_WARN_INT_CONVERSION = YES;
				CLANG_WARN_NON_LITERAL_NULL_CONVERSION = YES;
				CLANG_WARN_OBJC_IMPLICIT_RETAIN_SELF = YES;
				CLANG_WARN_OBJC_LITERAL_CONVERSION = YES;
				CLANG_WARN_OBJC_ROOT_CLASS = YES_ERROR;
				CLANG_WARN_QUOTED_INCLUDE_IN_FRAMEWORK_HEADER = YES;
				CLANG_WARN_RANGE_LOOP_ANALYSIS = YES;
				CLANG_WARN_STRICT_PROTOTYPES = YES;
				CLANG_WARN_SUSPICIOUS_MOVE = YES;
				CLANG_WARN_UNGUARDED_AVAILABILITY = YES_AGGRESSIVE;
				CLANG_WARN_UNREACHABLE_CODE = YES;
				CLANG_WARN__DUPLICATE_METHOD_MATCH = YES;
				COPY_PHASE_STRIP = NO;
				DEBUG_INFORMATION_FORMAT = dwarf;
				ENABLE_STRICT_OBJC_MSGSEND = YES;
				ENABLE_TESTABILITY = YES;
				GCC_C_LANGUAGE_STANDARD = gnu11;
				GCC_DYNAMIC_NO_PIC = NO;
				GCC_NO_COMMON_BLOCKS = YES;
				GCC_OPTIMIZATION_LEVEL = 0;
				GCC_PREPROCESSOR_DEFINITIONS = (
					"DEBUG=1",
					"$(inherited)",
				);
				GCC_WARN_64_TO_32_BIT_CONVERSION = YES;
				GCC_WARN_ABOUT_RETURN_TYPE = YES_ERROR;
				GCC_WARN_UNDECLARED_SELECTOR = YES;
				GCC_WARN_UNINITIALIZED_AUTOS = YES_AGGRESSIVE;
				GCC_WARN_UNUSED_FUNCTION = YES;
				GCC_WARN_UNUSED_VARIABLE = YES;
				IPHONEOS_DEPLOYMENT_TARGET = 14.4;
				MTL_ENABLE_DEBUG_INFO = INCLUDE_SOURCE;
				MTL_FAST_MATH = YES;
				ONLY_ACTIVE_ARCH = YES;
				SDKROOT = iphoneos;
				SWIFT_ACTIVE_COMPILATION_CONDITIONS = DEBUG;
				SWIFT_OPTIMIZATION_LEVEL = "-Onone";
			};
			name = Debug;
		};
		5C2C8DB025D1C04A0030D13A /* Release */ = {
			isa = XCBuildConfiguration;
			buildSettings = {
				ALWAYS_SEARCH_USER_PATHS = NO;
				CLANG_ANALYZER_NONNULL = YES;
				CLANG_ANALYZER_NUMBER_OBJECT_CONVERSION = YES_AGGRESSIVE;
				CLANG_CXX_LANGUAGE_STANDARD = "gnu++14";
				CLANG_CXX_LIBRARY = "libc++";
				CLANG_ENABLE_MODULES = YES;
				CLANG_ENABLE_OBJC_ARC = YES;
				CLANG_ENABLE_OBJC_WEAK = YES;
				CLANG_WARN_BLOCK_CAPTURE_AUTORELEASING = YES;
				CLANG_WARN_BOOL_CONVERSION = YES;
				CLANG_WARN_COMMA = YES;
				CLANG_WARN_CONSTANT_CONVERSION = YES;
				CLANG_WARN_DEPRECATED_OBJC_IMPLEMENTATIONS = YES;
				CLANG_WARN_DIRECT_OBJC_ISA_USAGE = YES_ERROR;
				CLANG_WARN_DOCUMENTATION_COMMENTS = YES;
				CLANG_WARN_EMPTY_BODY = YES;
				CLANG_WARN_ENUM_CONVERSION = YES;
				CLANG_WARN_INFINITE_RECURSION = YES;
				CLANG_WARN_INT_CONVERSION = YES;
				CLANG_WARN_NON_LITERAL_NULL_CONVERSION = YES;
				CLANG_WARN_OBJC_IMPLICIT_RETAIN_SELF = YES;
				CLANG_WARN_OBJC_LITERAL_CONVERSION = YES;
				CLANG_WARN_OBJC_ROOT_CLASS = YES_ERROR;
				CLANG_WARN_QUOTED_INCLUDE_IN_FRAMEWORK_HEADER = YES;
				CLANG_WARN_RANGE_LOOP_ANALYSIS = YES;
				CLANG_WARN_STRICT_PROTOTYPES = YES;
				CLANG_WARN_SUSPICIOUS_MOVE = YES;
				CLANG_WARN_UNGUARDED_AVAILABILITY = YES_AGGRESSIVE;
				CLANG_WARN_UNREACHABLE_CODE = YES;
				CLANG_WARN__DUPLICATE_METHOD_MATCH = YES;
				COPY_PHASE_STRIP = NO;
				DEBUG_INFORMATION_FORMAT = "dwarf-with-dsym";
				ENABLE_NS_ASSERTIONS = NO;
				ENABLE_STRICT_OBJC_MSGSEND = YES;
				GCC_C_LANGUAGE_STANDARD = gnu11;
				GCC_NO_COMMON_BLOCKS = YES;
				GCC_WARN_64_TO_32_BIT_CONVERSION = YES;
				GCC_WARN_ABOUT_RETURN_TYPE = YES_ERROR;
				GCC_WARN_UNDECLARED_SELECTOR = YES;
				GCC_WARN_UNINITIALIZED_AUTOS = YES_AGGRESSIVE;
				GCC_WARN_UNUSED_FUNCTION = YES;
				GCC_WARN_UNUSED_VARIABLE = YES;
				IPHONEOS_DEPLOYMENT_TARGET = 14.4;
				MTL_ENABLE_DEBUG_INFO = NO;
				MTL_FAST_MATH = YES;
				SDKROOT = iphoneos;
				SWIFT_COMPILATION_MODE = wholemodule;
				SWIFT_OPTIMIZATION_LEVEL = "-O";
				VALIDATE_PRODUCT = YES;
			};
			name = Release;
		};
		5C2C8DB225D1C04A0030D13A /* Debug */ = {
			isa = XCBuildConfiguration;
			buildSettings = {
				ASSETCATALOG_COMPILER_APPICON_NAME = AppIcon;
				ASSETCATALOG_COMPILER_GLOBAL_ACCENT_COLOR_NAME = AccentColor;
				CODE_SIGN_STYLE = Automatic;
				DEVELOPMENT_TEAM = K34VHZ28JJ;
				INFOPLIST_FILE = BonprixChallenge/Info.plist;
				IPHONEOS_DEPLOYMENT_TARGET = 13.0;
				LD_RUNPATH_SEARCH_PATHS = (
					"$(inherited)",
					"@executable_path/Frameworks",
				);
				PRODUCT_BUNDLE_IDENTIFIER = com.sawe.BonprixChallenge;
				PRODUCT_NAME = "$(TARGET_NAME)";
				SWIFT_VERSION = 5.0;
				TARGETED_DEVICE_FAMILY = "1,2";
			};
			name = Debug;
		};
		5C2C8DB325D1C04A0030D13A /* Release */ = {
			isa = XCBuildConfiguration;
			buildSettings = {
				ASSETCATALOG_COMPILER_APPICON_NAME = AppIcon;
				ASSETCATALOG_COMPILER_GLOBAL_ACCENT_COLOR_NAME = AccentColor;
				CODE_SIGN_STYLE = Automatic;
				DEVELOPMENT_TEAM = K34VHZ28JJ;
				INFOPLIST_FILE = BonprixChallenge/Info.plist;
				IPHONEOS_DEPLOYMENT_TARGET = 13.0;
				LD_RUNPATH_SEARCH_PATHS = (
					"$(inherited)",
					"@executable_path/Frameworks",
				);
				PRODUCT_BUNDLE_IDENTIFIER = com.sawe.BonprixChallenge;
				PRODUCT_NAME = "$(TARGET_NAME)";
				SWIFT_VERSION = 5.0;
				TARGETED_DEVICE_FAMILY = "1,2";
			};
			name = Release;
		};
		5C2C8DB525D1C04A0030D13A /* Debug */ = {
			isa = XCBuildConfiguration;
			buildSettings = {
				ALWAYS_EMBED_SWIFT_STANDARD_LIBRARIES = YES;
				BUNDLE_LOADER = "$(TEST_HOST)";
				CODE_SIGN_STYLE = Automatic;
				DEVELOPMENT_TEAM = K34VHZ28JJ;
				INFOPLIST_FILE = BonprixChallengeTests/Info.plist;
				IPHONEOS_DEPLOYMENT_TARGET = 14.4;
				LD_RUNPATH_SEARCH_PATHS = (
					"$(inherited)",
					"@executable_path/Frameworks",
					"@loader_path/Frameworks",
				);
				PRODUCT_BUNDLE_IDENTIFIER = com.sawe.BonprixChallengeTests;
				PRODUCT_NAME = "$(TARGET_NAME)";
				SWIFT_VERSION = 5.0;
				TARGETED_DEVICE_FAMILY = "1,2";
				TEST_HOST = "$(BUILT_PRODUCTS_DIR)/BonprixChallenge.app/BonprixChallenge";
			};
			name = Debug;
		};
		5C2C8DB625D1C04A0030D13A /* Release */ = {
			isa = XCBuildConfiguration;
			buildSettings = {
				ALWAYS_EMBED_SWIFT_STANDARD_LIBRARIES = YES;
				BUNDLE_LOADER = "$(TEST_HOST)";
				CODE_SIGN_STYLE = Automatic;
				DEVELOPMENT_TEAM = K34VHZ28JJ;
				INFOPLIST_FILE = BonprixChallengeTests/Info.plist;
				IPHONEOS_DEPLOYMENT_TARGET = 14.4;
				LD_RUNPATH_SEARCH_PATHS = (
					"$(inherited)",
					"@executable_path/Frameworks",
					"@loader_path/Frameworks",
				);
				PRODUCT_BUNDLE_IDENTIFIER = com.sawe.BonprixChallengeTests;
				PRODUCT_NAME = "$(TARGET_NAME)";
				SWIFT_VERSION = 5.0;
				TARGETED_DEVICE_FAMILY = "1,2";
				TEST_HOST = "$(BUILT_PRODUCTS_DIR)/BonprixChallenge.app/BonprixChallenge";
			};
			name = Release;
		};
		5C2C8DB825D1C04A0030D13A /* Debug */ = {
			isa = XCBuildConfiguration;
			buildSettings = {
				ALWAYS_EMBED_SWIFT_STANDARD_LIBRARIES = YES;
				CODE_SIGN_STYLE = Automatic;
				DEVELOPMENT_TEAM = K34VHZ28JJ;
				INFOPLIST_FILE = BonprixChallengeUITests/Info.plist;
				LD_RUNPATH_SEARCH_PATHS = (
					"$(inherited)",
					"@executable_path/Frameworks",
					"@loader_path/Frameworks",
				);
				PRODUCT_BUNDLE_IDENTIFIER = com.sawe.BonprixChallengeUITests;
				PRODUCT_NAME = "$(TARGET_NAME)";
				SWIFT_VERSION = 5.0;
				TARGETED_DEVICE_FAMILY = "1,2";
				TEST_TARGET_NAME = BonprixChallenge;
			};
			name = Debug;
		};
		5C2C8DB925D1C04A0030D13A /* Release */ = {
			isa = XCBuildConfiguration;
			buildSettings = {
				ALWAYS_EMBED_SWIFT_STANDARD_LIBRARIES = YES;
				CODE_SIGN_STYLE = Automatic;
				DEVELOPMENT_TEAM = K34VHZ28JJ;
				INFOPLIST_FILE = BonprixChallengeUITests/Info.plist;
				LD_RUNPATH_SEARCH_PATHS = (
					"$(inherited)",
					"@executable_path/Frameworks",
					"@loader_path/Frameworks",
				);
				PRODUCT_BUNDLE_IDENTIFIER = com.sawe.BonprixChallengeUITests;
				PRODUCT_NAME = "$(TARGET_NAME)";
				SWIFT_VERSION = 5.0;
				TARGETED_DEVICE_FAMILY = "1,2";
				TEST_TARGET_NAME = BonprixChallenge;
			};
			name = Release;
		};
/* End XCBuildConfiguration section */

/* Begin XCConfigurationList section */
		5C2C8D8225D1C0490030D13A /* Build configuration list for PBXProject "BonprixChallenge" */ = {
			isa = XCConfigurationList;
			buildConfigurations = (
				5C2C8DAF25D1C04A0030D13A /* Debug */,
				5C2C8DB025D1C04A0030D13A /* Release */,
			);
			defaultConfigurationIsVisible = 0;
			defaultConfigurationName = Release;
		};
		5C2C8DB125D1C04A0030D13A /* Build configuration list for PBXNativeTarget "BonprixChallenge" */ = {
			isa = XCConfigurationList;
			buildConfigurations = (
				5C2C8DB225D1C04A0030D13A /* Debug */,
				5C2C8DB325D1C04A0030D13A /* Release */,
			);
			defaultConfigurationIsVisible = 0;
			defaultConfigurationName = Release;
		};
		5C2C8DB425D1C04A0030D13A /* Build configuration list for PBXNativeTarget "BonprixChallengeTests" */ = {
			isa = XCConfigurationList;
			buildConfigurations = (
				5C2C8DB525D1C04A0030D13A /* Debug */,
				5C2C8DB625D1C04A0030D13A /* Release */,
			);
			defaultConfigurationIsVisible = 0;
			defaultConfigurationName = Release;
		};
		5C2C8DB725D1C04A0030D13A /* Build configuration list for PBXNativeTarget "BonprixChallengeUITests" */ = {
			isa = XCConfigurationList;
			buildConfigurations = (
				5C2C8DB825D1C04A0030D13A /* Debug */,
				5C2C8DB925D1C04A0030D13A /* Release */,
			);
			defaultConfigurationIsVisible = 0;
			defaultConfigurationName = Release;
		};
/* End XCConfigurationList section */
	};
	rootObject = 5C2C8D7F25D1C0490030D13A /* Project object */;
}
